<?xml version="1.0" encoding="utf-8"?>
<Project ToolsVersion="4.0" xmlns="http://schemas.microsoft.com/developer/msbuild/2003">
  <ItemGroup>
    <Filter Include="소스 파일">
      <UniqueIdentifier>{4FC737F1-C7A5-4376-A066-2A32D752A2FF}</UniqueIdentifier>
      <Extensions>cpp;c;cc;cxx;c++;cppm;ixx;def;odl;idl;hpj;bat;asm;asmx</Extensions>
    </Filter>
    <Filter Include="헤더 파일">
      <UniqueIdentifier>{93995380-89BD-4b04-88EB-625FBE52EBFB}</UniqueIdentifier>
      <Extensions>h;hh;hpp;hxx;h++;hm;inl;inc;ipp;xsd</Extensions>
    </Filter>
    <Filter Include="리소스 파일">
      <UniqueIdentifier>{67DA6AB6-F800-4c08-8B7A-83BB121AAD01}</UniqueIdentifier>
      <Extensions>rc;ico;cur;bmp;dlg;rc2;rct;bin;rgs;gif;jpg;jpeg;jpe;resx;tiff;tif;png;wav;mfcribbon-ms</Extensions>
    </Filter>
  </ItemGroup>
  <ItemGroup>
    <ClCompile Include="MMORPG_GameServer.cpp">
      <Filter>소스 파일</Filter>
    </ClCompile>
    <ClCompile Include="GameServer.cpp">
      <Filter>소스 파일</Filter>
    </ClCompile>
    <ClCompile Include="..\..\NetworkLib\common_files\src\buffer\Ring_Buffer.cpp">
      <Filter>소스 파일</Filter>
    </ClCompile>
    <ClCompile Include="..\..\NetworkLib\common_files\src\dbltls\DBTLS.cpp">
      <Filter>소스 파일</Filter>
    </ClCompile>
    <ClCompile Include="..\..\NetworkLib\common_files\src\util\CPUUsage.cpp">
      <Filter>소스 파일</Filter>
    </ClCompile>
    <ClCompile Include="..\..\NetworkLib\common_files\src\util\LogClass.cpp">
      <Filter>소스 파일</Filter>
    </ClCompile>
    <ClCompile Include="..\..\NetworkLib\common_files\src\util\ProcessMonitor.cpp">
      <Filter>소스 파일</Filter>
    </ClCompile>
    <ClCompile Include="..\..\NetworkLib\common_files\src\util\TextParser.cpp">
      <Filter>소스 파일</Filter>
    </ClCompile>
    <ClCompile Include="..\..\NetworkLib\game_library\src\CGameLibrary.cpp">
      <Filter>소스 파일</Filter>
    </ClCompile>
    <ClCompile Include="..\..\NetworkLib\game_library\src\GameSession.cpp">
      <Filter>소스 파일</Filter>
    </ClCompile>
    <ClCompile Include="..\..\NetworkLib\common_files\src\buffer\CMessage.cpp">
      <Filter>소스 파일</Filter>
    </ClCompile>
    <ClCompile Include="FieldGroup.cpp">
      <Filter>소스 파일</Filter>
    </ClCompile>
    <ClCompile Include="..\..\NetworkLib\game_library\src\CGroup.cpp">
      <Filter>소스 파일</Filter>
    </ClCompile>
    <ClCompile Include="CUser.cpp">
      <Filter>소스 파일</Filter>
    </ClCompile>
    <ClCompile Include="CDBManager.cpp">
      <Filter>소스 파일</Filter>
    </ClCompile>
    <ClCompile Include="AuthGroup.cpp">
      <Filter>소스 파일</Filter>
    </ClCompile>
    <ClCompile Include="CMonster.cpp">
      <Filter>소스 파일</Filter>
    </ClCompile>
    <ClCompile Include="PacketBuilder.cpp">
      <Filter>소스 파일</Filter>
    </ClCompile>
    <ClCompile Include="CollisionCheck.cpp">
      <Filter>소스 파일</Filter>
    </ClCompile>
    <ClCompile Include="SectorPos.cpp">
      <Filter>소스 파일</Filter>
    </ClCompile>
    <ClCompile Include="FieldSector.cpp">
      <Filter>소스 파일</Filter>
    </ClCompile>
    <ClCompile Include="HitSearchBuilder.cpp">
      <Filter>소스 파일</Filter>
    </ClCompile>
    <ClCompile Include="MonsterAI.cpp">
      <Filter>소스 파일</Filter>
    </ClCompile>
    <ClCompile Include="Inventory.cpp">
      <Filter>소스 파일</Filter>
    </ClCompile>
    <ClCompile Include="Equipment.cpp">
      <Filter>소스 파일</Filter>
    </ClCompile>
    <ClCompile Include="CUserItemStorage.cpp">
      <Filter>소스 파일</Filter>
    </ClCompile>
    <ClCompile Include="ItemTable.cpp">
      <Filter>소스 파일</Filter>
    </ClCompile>
    <ClCompile Include="ItemUIDAllocator.cpp">
      <Filter>소스 파일</Filter>
    </ClCompile>
    <ClCompile Include="FieldDropItemSystem.cpp">
      <Filter>소스 파일</Filter>
    </ClCompile>
  </ItemGroup>
  <ItemGroup>
    <ClInclude Include="GameServer.h">
      <Filter>헤더 파일</Filter>
    </ClInclude>
    <ClInclude Include="FieldGroup.h">
      <Filter>헤더 파일</Filter>
    </ClInclude>
    <ClInclude Include="CUser.h">
      <Filter>헤더 파일</Filter>
    </ClInclude>
    <ClInclude Include="TodoList.h">
      <Filter>헤더 파일</Filter>
    </ClInclude>
    <ClInclude Include="CDBManager.h">
      <Filter>헤더 파일</Filter>
    </ClInclude>
    <ClInclude Include="AuthGroup.h">
      <Filter>헤더 파일</Filter>
    </ClInclude>
    <ClInclude Include="CMonster.h">
      <Filter>헤더 파일</Filter>
    </ClInclude>
    <ClInclude Include="SkillTable.h">
      <Filter>헤더 파일</Filter>
    </ClInclude>
    <ClInclude Include="PacketBuilder.h">
      <Filter>헤더 파일</Filter>
    </ClInclude>
    <ClInclude Include="CollisionCheck.h">
      <Filter>헤더 파일</Filter>
    </ClInclude>
    <ClInclude Include="SectorPos.h">
      <Filter>헤더 파일</Filter>
    </ClInclude>
    <ClInclude Include="FieldSector.h">
      <Filter>헤더 파일</Filter>
    </ClInclude>
    <ClInclude Include="HitSearchBuilder.h">
      <Filter>헤더 파일</Filter>
    </ClInclude>
    <ClInclude Include="MonsterAI.h">
      <Filter>헤더 파일</Filter>
    </ClInclude>
    <ClInclude Include="Inventory.h">
      <Filter>헤더 파일</Filter>
    </ClInclude>
    <ClInclude Include="Equipment.h">
      <Filter>헤더 파일</Filter>
    </ClInclude>
    <ClInclude Include="CUserItemStorage.h">
      <Filter>헤더 파일</Filter>
    </ClInclude>
    <ClInclude Include="ItemTable.h">
      <Filter>헤더 파일</Filter>
    </ClInclude>
    <ClInclude Include="ItemUIDAllocator.h">
      <Filter>헤더 파일</Filter>
    </ClInclude>
    <ClInclude Include="FieldDropItemSystem.h">
      <Filter>헤더 파일</Filter>
    </ClInclude>
  </ItemGroup>
</Project>